// !$*UTF8*$!
{
	archiveVersion = 1;
	classes = {
	};
	objectVersion = 50;
	objects = {

/* Begin PBXBuildFile section */
		DD637ED92474CBCC008A3209 /* AppDelegate.swift in Sources */ = {isa = PBXBuildFile; fileRef = DD637ED82474CBCC008A3209 /* AppDelegate.swift */; };
		DD637EDB2474CBCC008A3209 /* SceneDelegate.swift in Sources */ = {isa = PBXBuildFile; fileRef = DD637EDA2474CBCC008A3209 /* SceneDelegate.swift */; };
		DD637EDD2474CBCC008A3209 /* ViewController.swift in Sources */ = {isa = PBXBuildFile; fileRef = DD637EDC2474CBCC008A3209 /* ViewController.swift */; };
		DD637EE02474CBCC008A3209 /* Main.storyboard in Resources */ = {isa = PBXBuildFile; fileRef = DD637EDE2474CBCC008A3209 /* Main.storyboard */; };
		DD637EE22474CBCE008A3209 /* Assets.xcassets in Resources */ = {isa = PBXBuildFile; fileRef = DD637EE12474CBCE008A3209 /* Assets.xcassets */; };
		DD637EE52474CBCE008A3209 /* LaunchScreen.storyboard in Resources */ = {isa = PBXBuildFile; fileRef = DD637EE32474CBCE008A3209 /* LaunchScreen.storyboard */; };
/* End PBXBuildFile section */

/* Begin PBXFileReference section */
		DD637ED52474CBCC008A3209 /* DelegateAndClosurePractice.app */ = {isa = PBXFileReference; explicitFileType = wrapper.application; includeInIndex = 0; path = DelegateAndClosurePractice.app; sourceTree = BUILT_PRODUCTS_DIR; };
		DD637ED82474CBCC008A3209 /* AppDelegate.swift */ = {isa = PBXFileReference; lastKnownFileType = sourcecode.swift; path = AppDelegate.swift; sourceTree = "<group>"; };
		DD637EDA2474CBCC008A3209 /* SceneDelegate.swift */ = {isa = PBXFileReference; lastKnownFileType = sourcecode.swift; path = SceneDelegate.swift; sourceTree = "<group>"; };
		DD637EDC2474CBCC008A3209 /* ViewController.swift */ = {isa = PBXFileReference; lastKnownFileType = sourcecode.swift; path = ViewController.swift; sourceTree = "<group>"; };
		DD637EDF2474CBCC008A3209 /* Base */ = {isa = PBXFileReference; lastKnownFileType = file.storyboard; name = Base; path = Base.lproj/Main.storyboard; sourceTree = "<group>"; };
		DD637EE12474CBCE008A3209 /* Assets.xcassets */ = {isa = PBXFileReference; lastKnownFileType = folder.assetcatalog; path = Assets.xcassets; sourceTree = "<group>"; };
		DD637EE42474CBCE008A3209 /* Base */ = {isa = PBXFileReference; lastKnownFileType = file.storyboard; name = Base; path = Base.lproj/LaunchScreen.storyboard; sourceTree = "<group>"; };
		DD637EE62474CBCE008A3209 /* Info.plist */ = {isa = PBXFileReference; lastKnownFileType = text.plist.xml; path = Info.plist; sourceTree = "<group>"; };
/* End PBXFileReference section */

/* Begin PBXFrameworksBuildPhase section */
		DD637ED22474CBCC008A3209 /* Frameworks */ = {
			isa = PBXFrameworksBuildPhase;
			buildActionMask = 2147483647;
			files = (
			);
			runOnlyForDeploymentPostprocessing = 0;
		};
/* End PBXFrameworksBuildPhase section */

/* Begin PBXGroup section */
		DD637ECC2474CBCC008A3209 = {
			isa = PBXGroup;
			children = (
				DD637ED72474CBCC008A3209 /* DelegateAndClosurePractice */,
				DD637ED62474CBCC008A3209 /* Products */,
			);
			sourceTree = "<group>";
		};
		DD637ED62474CBCC008A3209 /* Products */ = {
			isa = PBXGroup;
			children = (
				DD637ED52474CBCC008A3209 /* DelegateAndClosurePractice.app */,
			);
			name = Products;
			sourceTree = "<group>";
		};
		DD637ED72474CBCC008A3209 /* DelegateAndClosurePractice */ = {
			isa = PBXGroup;
			children = (
				DD637ED82474CBCC008A3209 /* AppDelegate.swift */,
				DD637EDA2474CBCC008A3209 /* SceneDelegate.swift */,
				DD637EDC2474CBCC008A3209 /* ViewController.swift */,
				DD637EDE2474CBCC008A3209 /* Main.storyboard */,
				DD637EE12474CBCE008A3209 /* Assets.xcassets */,
				DD637EE32474CBCE008A3209 /* LaunchScreen.storyboard */,
				DD637EE62474CBCE008A3209 /* Info.plist */,
			);
			path = DelegateAndClosurePractice;
			sourceTree = "<group>";
		};
/* End PBXGroup section */

/* Begin PBXNativeTarget section */
		DD637ED42474CBCC008A3209 /* DelegateAndClosurePractice */ = {
			isa = PBXNativeTarget;
			buildConfigurationList = DD637EE92474CBCE008A3209 /* Build configuration list for PBXNativeTarget "DelegateAndClosurePractice" */;
			buildPhases = (
				DD637ED12474CBCC008A3209 /* Sources */,
				DD637ED22474CBCC008A3209 /* Frameworks */,
				DD637ED32474CBCC008A3209 /* Resources */,
			);
			buildRules = (
			);
			dependencies = (
			);
			name = DelegateAndClosurePractice;
			productName = DelegateAndClosurePractice;
			productReference = DD637ED52474CBCC008A3209 /* DelegateAndClosurePractice.app */;
			productType = "com.apple.product-type.application";
		};
/* End PBXNativeTarget section */

/* Begin PBXProject section */
		DD637ECD2474CBCC008A3209 /* Project object */ = {
			isa = PBXProject;
			attributes = {
				LastSwiftUpdateCheck = 1140;
				LastUpgradeCheck = 1140;
				ORGANIZATIONNAME = "旌榮 凌";
				TargetAttributes = {
					DD637ED42474CBCC008A3209 = {
						CreatedOnToolsVersion = 11.4;
					};
				};
			};
			buildConfigurationList = DD637ED02474CBCC008A3209 /* Build configuration list for PBXProject "DelegateAndClosurePractice" */;
			compatibilityVersion = "Xcode 9.3";
			developmentRegion = en;
			hasScannedForEncodings = 0;
			knownRegions = (
				en,
				Base,
			);
			mainGroup = DD637ECC2474CBCC008A3209;
			productRefGroup = DD637ED62474CBCC008A3209 /* Products */;
			projectDirPath = "";
			projectRoot = "";
			targets = (
				DD637ED42474CBCC008A3209 /* DelegateAndClosurePractice */,
			);
		};
/* End PBXProject section */

/* Begin PBXResourcesBuildPhase section */
		DD637ED32474CBCC008A3209 /* Resources */ = {
			isa = PBXResourcesBuildPhase;
			buildActionMask = 2147483647;
			files = (
				DD637EE52474CBCE008A3209 /* LaunchScreen.storyboard in Resources */,
				DD637EE22474CBCE008A3209 /* Assets.xcassets in Resources */,
				DD637EE02474CBCC008A3209 /* Main.storyboard in Resources */,
			);
			runOnlyForDeploymentPostprocessing = 0;
		};
/* End PBXResourcesBuildPhase section */

/* Begin PBXSourcesBuildPhase section */
		DD637ED12474CBCC008A3209 /* Sources */ = {
			isa = PBXSourcesBuildPhase;
			buildActionMask = 2147483647;
			files = (
				DD637EDD2474CBCC008A3209 /* ViewController.swift in Sources */,
				DD637ED92474CBCC008A3209 /* AppDelegate.swift in Sources */,
				DD637EDB2474CBCC008A3209 /* SceneDelegate.swift in Sources */,
			);
			runOnlyForDeploymentPostprocessing = 0;
		};
/* End PBXSourcesBuildPhase section */

/* Begin PBXVariantGroup section */
		DD637EDE2474CBCC008A3209 /* Main.storyboard */ = {
			isa = PBXVariantGroup;
			children = (
				DD637EDF2474CBCC008A3209 /* Base */,
			);
			name = Main.storyboard;
			sourceTree = "<group>";
		};
		DD637EE32474CBCE008A3209 /* LaunchScreen.storyboard */ = {
			isa = PBXVariantGroup;
			children = (
				DD637EE42474CBCE008A3209 /* Base */,
			);
			name = LaunchScreen.storyboard;
			sourceTree = "<group>";
		};
/* End PBXVariantGroup section */

/* Begin XCBuildConfiguration section */
		DD637EE72474CBCE008A3209 /* Debug */ = {
			isa = XCBuildConfiguration;
			buildSettings = {
				ALWAYS_SEARCH_USER_PATHS = NO;
				CLANG_ANALYZER_NONNULL = YES;
				CLANG_ANALYZER_NUMBER_OBJECT_CONVERSION = YES_AGGRESSIVE;
				CLANG_CXX_LANGUAGE_STANDARD = "gnu++14";
				CLANG_CXX_LIBRARY = "libc++";
				CLANG_ENABLE_MODULES = YES;
				CLANG_ENABLE_OBJC_ARC = YES;
				CLANG_ENABLE_OBJC_WEAK = YES;
				CLANG_WARN_BLOCK_CAPTURE_AUTORELEASING = YES;
				CLANG_WARN_BOOL_CONVERSION = YES;
				CLANG_WARN_COMMA = YES;
				CLANG_WARN_CONSTANT_CONVERSION = YES;
				CLANG_WARN_DEPRECATED_OBJC_IMPLEMENTATIONS = YES;
				CLANG_WARN_DIRECT_OBJC_ISA_USAGE = YES_ERROR;
				CLANG_WARN_DOCUMENTATION_COMMENTS = YES;
				CLANG_WARN_EMPTY_BODY = YES;
				CLANG_WARN_ENUM_CONVERSION = YES;
				CLANG_WARN_INFINITE_RECURSION = YES;
				CLANG_WARN_INT_CONVERSION = YES;
				CLANG_WARN_NON_LITERAL_NULL_CONVERSION = YES;
				CLANG_WARN_OBJC_IMPLICIT_RETAIN_SELF = YES;
				CLANG_WARN_OBJC_LITERAL_CONVERSION = YES;
				CLANG_WARN_OBJC_ROOT_CLASS = YES_ERROR;
				CLANG_WARN_RANGE_LOOP_ANALYSIS = YES;
				CLANG_WARN_STRICT_PROTOTYPES = YES;
				CLANG_WARN_SUSPICIOUS_MOVE = YES;
				CLANG_WARN_UNGUARDED_AVAILABILITY = YES_AGGRESSIVE;
				CLANG_WARN_UNREACHABLE_CODE = YES;
				CLANG_WARN__DUPLICATE_METHOD_MATCH = YES;
				COPY_PHASE_STRIP = NO;
				DEBUG_INFORMATION_FORMAT = dwarf;
				ENABLE_STRICT_OBJC_MSGSEND = YES;
				ENABLE_TESTABILITY = YES;
				GCC_C_LANGUAGE_STANDARD = gnu11;
				GCC_DYNAMIC_NO_PIC = NO;
				GCC_NO_COMMON_BLOCKS = YES;
				GCC_OPTIMIZATION_LEVEL = 0;
				GCC_PREPROCESSOR_DEFINITIONS = (
					"DEBUG=1",
					"$(inherited)",
				);
				GCC_WARN_64_TO_32_BIT_CONVERSION = YES;
				GCC_WARN_ABOUT_RETURN_TYPE = YES_ERROR;
				GCC_WARN_UNDECLARED_SELECTOR = YES;
				GCC_WARN_UNINITIALIZED_AUTOS = YES_AGGRESSIVE;
				GCC_WARN_UNUSED_FUNCTION = YES;
				GCC_WARN_UNUSED_VARIABLE = YES;
				IPHONEOS_DEPLOYMENT_TARGET = 13.4;
				MTL_ENABLE_DEBUG_INFO = INCLUDE_SOURCE;
				MTL_FAST_MATH = YES;
				ONLY_ACTIVE_ARCH = YES;
				SDKROOT = iphoneos;
				SWIFT_ACTIVE_COMPILATION_CONDITIONS = DEBUG;
				SWIFT_OPTIMIZATION_LEVEL = "-Onone";
			};
			name = Debug;
		};
		DD637EE82474CBCE008A3209 /* Release */ = {
			isa = XCBuildConfiguration;
			buildSettings = {
				ALWAYS_SEARCH_USER_PATHS = NO;
				CLANG_ANALYZER_NONNULL = YES;
				CLANG_ANALYZER_NUMBER_OBJECT_CONVERSION = YES_AGGRESSIVE;
				CLANG_CXX_LANGUAGE_STANDARD = "gnu++14";
				CLANG_CXX_LIBRARY = "libc++";
				CLANG_ENABLE_MODULES = YES;
				CLANG_ENABLE_OBJC_ARC = YES;
				CLANG_ENABLE_OBJC_WEAK = YES;
				CLANG_WARN_BLOCK_CAPTURE_AUTORELEASING = YES;
				CLANG_WARN_BOOL_CONVERSION = YES;
				CLANG_WARN_COMMA = YES;
				CLANG_WARN_CONSTANT_CONVERSION = YES;
				CLANG_WARN_DEPRECATED_OBJC_IMPLEMENTATIONS = YES;
				CLANG_WARN_DIRECT_OBJC_ISA_USAGE = YES_ERROR;
				CLANG_WARN_DOCUMENTATION_COMMENTS = YES;
				CLANG_WARN_EMPTY_BODY = YES;
				CLANG_WARN_ENUM_CONVERSION = YES;
				CLANG_WARN_INFINITE_RECURSION = YES;
				CLANG_WARN_INT_CONVERSION = YES;
				CLANG_WARN_NON_LITERAL_NULL_CONVERSION = YES;
				CLANG_WARN_OBJC_IMPLICIT_RETAIN_SELF = YES;
				CLANG_WARN_OBJC_LITERAL_CONVERSION = YES;
				CLANG_WARN_OBJC_ROOT_CLASS = YES_ERROR;
				CLANG_WARN_RANGE_LOOP_ANALYSIS = YES;
				CLANG_WARN_STRICT_PROTOTYPES = YES;
				CLANG_WARN_SUSPICIOUS_MOVE = YES;
				CLANG_WARN_UNGUARDED_AVAILABILITY = YES_AGGRESSIVE;
				CLANG_WARN_UNREACHABLE_CODE = YES;
				CLANG_WARN__DUPLICATE_METHOD_MATCH = YES;
				COPY_PHASE_STRIP = NO;
				DEBUG_INFORMATION_FORMAT = "dwarf-with-dsym";
				ENABLE_NS_ASSERTIONS = NO;
				ENABLE_STRICT_OBJC_MSGSEND = YES;
				GCC_C_LANGUAGE_STANDARD = gnu11;
				GCC_NO_COMMON_BLOCKS = YES;
				GCC_WARN_64_TO_32_BIT_CONVERSION = YES;
				GCC_WARN_ABOUT_RETURN_TYPE = YES_ERROR;
				GCC_WARN_UNDECLARED_SELECTOR = YES;
				GCC_WARN_UNINITIALIZED_AUTOS = YES_AGGRESSIVE;
				GCC_WARN_UNUSED_FUNCTION = YES;
				GCC_WARN_UNUSED_VARIABLE = YES;
				IPHONEOS_DEPLOYMENT_TARGET = 13.4;
				MTL_ENABLE_DEBUG_INFO = NO;
				MTL_FAST_MATH = YES;
				SDKROOT = iphoneos;
				SWIFT_COMPILATION_MODE = wholemodule;
				SWIFT_OPTIMIZATION_LEVEL = "-O";
				VALIDATE_PRODUCT = YES;
			};
			name = Release;
		};
		DD637EEA2474CBCE008A3209 /* Debug */ = {
			isa = XCBuildConfiguration;
			buildSettings = {
				ASSETCATALOG_COMPILER_APPICON_NAME = AppIcon;
				CODE_SIGN_STYLE = Automatic;
				DEVELOPMENT_TEAM = 75Z834AYX6;
				INFOPLIST_FILE = DelegateAndClosurePractice/Info.plist;
				LD_RUNPATH_SEARCH_PATHS = (
					"$(inherited)",
					"@executable_path/Frameworks",
				);
				PRODUCT_BUNDLE_IDENTIFIER = own.DelegateAndClosurePractice;
				PRODUCT_NAME = "$(TARGET_NAME)";
				SWIFT_VERSION = 5.0;
				TARGETED_DEVICE_FAMILY = "1,2";
			};
			name = Debug;
		};
		DD637EEB2474CBCE008A3209 /* Release */ = {
			isa = XCBuildConfiguration;
			buildSettings = {
				ASSETCATALOG_COMPILER_APPICON_NAME = AppIcon;
				CODE_SIGN_STYLE = Automatic;
				DEVELOPMENT_TEAM = 75Z834AYX6;
				INFOPLIST_FILE = DelegateAndClosurePractice/Info.plist;
				LD_RUNPATH_SEARCH_PATHS = (
					"$(inherited)",
					"@executable_path/Frameworks",
				);
				PRODUCT_BUNDLE_IDENTIFIER = own.DelegateAndClosurePractice;
				PRODUCT_NAME = "$(TARGET_NAME)";
				SWIFT_VERSION = 5.0;
				TARGETED_DEVICE_FAMILY = "1,2";
			};
			name = Release;
		};
/* End XCBuildConfiguration section */

/* Begin XCConfigurationList section */
		DD637ED02474CBCC008A3209 /* Build configuration list for PBXProject "DelegateAndClosurePractice" */ = {
			isa = XCConfigurationList;
			buildConfigurations = (
				DD637EE72474CBCE008A3209 /* Debug */,
				DD637EE82474CBCE008A3209 /* Release */,
			);
			defaultConfigurationIsVisible = 0;
			defaultConfigurationName = Release;
		};
		DD637EE92474CBCE008A3209 /* Build configuration list for PBXNativeTarget "DelegateAndClosurePractice" */ = {
			isa = XCConfigurationList;
			buildConfigurations = (
				DD637EEA2474CBCE008A3209 /* Debug */,
				DD637EEB2474CBCE008A3209 /* Release */,
			);
			defaultConfigurationIsVisible = 0;
			defaultConfigurationName = Release;
		};
/* End XCConfigurationList section */
	};
	rootObject = DD637ECD2474CBCC008A3209 /* Project object */;
}
